github.com/lib/pq v1.10.9 h1:YXG7RB+JIjhP29X+OtkiDnYaXQwpS4JEWq7dtCCRUEw=
github.com/lib/pq v1.10.9/go.mod h1:AlVN5x4E4T544tWzH6hKfbfQvm3HdbOxrmggDNAPY9o=
github.com/marcin-sieminski/webservice v0.0.0-20240812060018-0322e7fe141b h1:jdQ4gSqLbdqNv7Aj3Nvrwe/pNSadieZWySBu2+ylXxc=
github.com/marcin-sieminski/webservice v0.0.0-20240812060018-0322e7fe141b/go.mod h1:vwvFuy4v5n+HFrPDf7gdvj9kR2eQ1x9PMFqI7chuNeg=
